{
    "_meta": {
        "hash": {
            "sha256": "d9664aaa55d180a006624f7c65977a97f23b7c25444e2b2abe1f85ceb0e3337b"
        },
        "pipfile-spec": 6,
        "requires": {
            "python_version": "3.11"
        },
        "sources": [
            {
                "name": "pypi",
                "url": "https://pypi.org/simple",
                "verify_ssl": true
            }
        ]
    },
    "default": {
        "colorama": {
            "hashes": [
                "sha256:08695f5cb7ed6e0531a20572697297273c47b8cae5a63ffc6d6ed5c201be6e44",
                "sha256:4f1d9991f5acc0ca119f9d443620b77f9d6b33703e51011c16baf57afb285fc6"
            ],
            "index": "pypi",
            "markers": "python_version >= '2.7' and python_version not in '3.0, 3.1, 3.2, 3.3, 3.4, 3.5, 3.6'",
            "version": "==0.4.6"
        },
        "numpy": {
            "hashes": [
                "sha256:02f98011ba4ab17f46f80f7f8f1c291ee7d855fcef0a5a98db80767a468c85cd",
                "sha256:0b7e807d6888da0db6e7e75838444d62495e2b588b99e90dd80c3459594e857b",
                "sha256:12c70ac274b32bc00c7f61b515126c9205323703abb99cd41836e8125ea0043e",
                "sha256:1666f634cb3c80ccbd77ec97bc17337718f56d6658acf5d3b906ca03e90ce87f",
                "sha256:18c3319a7d39b2c6a9e3bb75aab2304ab79a811ac0168a671a62e6346c29b03f",
                "sha256:211ddd1e94817ed2d175b60b6374120244a4dd2287f4ece45d49228b4d529178",
                "sha256:21a9484e75ad018974a2fdaa216524d64ed4212e418e0a551a2d83403b0531d3",
                "sha256:39763aee6dfdd4878032361b30b2b12593fb445ddb66bbac802e2113eb8a6ac4",
                "sha256:3c67423b3703f8fbd90f5adaa37f85b5794d3366948efe9a5190a5f3a83fc34e",
                "sha256:46f47ee566d98849323f01b349d58f2557f02167ee301e5e28809a8c0e27a2d0",
                "sha256:51c7f1b344f302067b02e0f5b5d2daa9ed4a721cf49f070280ac202738ea7f00",
                "sha256:5f24750ef94d56ce6e33e4019a8a4d68cfdb1ef661a52cdaee628a56d2437419",
                "sha256:697df43e2b6310ecc9d95f05d5ef20eacc09c7c4ecc9da3f235d39e71b7da1e4",
                "sha256:6d45b3ec2faed4baca41c76617fcdcfa4f684ff7a151ce6fc78ad3b6e85af0a6",
                "sha256:77810ef29e0fb1d289d225cabb9ee6cf4d11978a00bb99f7f8ec2132a84e0166",
                "sha256:7ca4f24341df071877849eb2034948459ce3a07915c2734f1abb4018d9c49d7b",
                "sha256:7f784e13e598e9594750b2ef6729bcd5a47f6cfe4a12cca13def35e06d8163e3",
                "sha256:806dd64230dbbfaca8a27faa64e2f414bf1c6622ab78cc4264f7f5f028fee3bf",
                "sha256:867e3644e208c8922a3be26fc6bbf112a035f50f0a86497f98f228c50c607bb2",
                "sha256:8c66d6fec467e8c0f975818c1796d25c53521124b7cfb760114be0abad53a0a2",
                "sha256:8ed07a90f5450d99dad60d3799f9c03c6566709bd53b497eb9ccad9a55867f36",
                "sha256:9bc6d1a7f8cedd519c4b7b1156d98e051b726bf160715b769106661d567b3f03",
                "sha256:9e1591f6ae98bcfac2a4bbf9221c0b92ab49762228f38287f6eeb5f3f55905ce",
                "sha256:9e87562b91f68dd8b1c39149d0323b42e0082db7ddb8e934ab4c292094d575d6",
                "sha256:a7081fd19a6d573e1a05e600c82a1c421011db7935ed0d5c483e9dd96b99cf13",
                "sha256:a8474703bffc65ca15853d5fd4d06b18138ae90c17c8d12169968e998e448bb5",
                "sha256:af36e0aa45e25c9f57bf684b1175e59ea05d9a7d3e8e87b7ae1a1da246f2767e",
                "sha256:b1240f767f69d7c4c8a29adde2310b871153df9b26b5cb2b54a561ac85146485",
                "sha256:b4d362e17bcb0011738c2d83e0a65ea8ce627057b2fdda37678f4374a382a137",
                "sha256:b831295e5472954104ecb46cd98c08b98b49c69fdb7040483aff799a755a7374",
                "sha256:b8c275f0ae90069496068c714387b4a0eba5d531aace269559ff2b43655edd58",
                "sha256:bdd2b45bf079d9ad90377048e2747a0c82351989a2165821f0c96831b4a2a54b",
                "sha256:cc0743f0302b94f397a4a65a660d4cd24267439eb16493fb3caad2e4389bccbb",
                "sha256:da4b0c6c699a0ad73c810736303f7fbae483bcb012e38d7eb06a5e3b432c981b",
                "sha256:f25e2811a9c932e43943a2615e65fc487a0b6b49218899e62e426e7f0a57eeda",
                "sha256:f73497e8c38295aaa4741bdfa4fda1a5aedda5473074369eca10626835445511"
            ],
            "markers": "python_version >= '3.10'",
            "version": "==1.26.3"
        },
        "opencv-contrib-python": {
            "hashes": [
                "sha256:4ce33844dbdf4bcbb0bd1ea7249367ffccab82de09f531ad25ac258aca5f813c",
                "sha256:760e76c535da81e50f5a5a0acd85bada376f505736875eb446811b4b76fb9bb5",
                "sha256:86078d3653ec3107877536c9178622b1f98b51acf59e554ddbc552785cba55fa",
                "sha256:89ca1508dd895ae42176640bdd503cac82772f6efa25120738a469a6a69de321",
                "sha256:b52e381144f774b486729ccee69911bdc7d16b5ced4830502e906ad803373ab0",
                "sha256:fdd9b14028f74af8dbb69f90e6e4a956ce2eb5b59947df28ba0b79d337431477",
                "sha256:ff1c00b06e2c3f4ad47de64fa9c527d67f7c6fce93f513b64163d41bea7c41b2"
            ],
            "index": "pypi",
            "markers": "python_version >= '3.6'",
            "version": "==4.9.0.80"
        },
        "opencv-python": {
            "hashes": [
                "sha256:1a9f0e6267de3a1a1db0c54213d022c7c8b5b9ca4b580e80bdc58516c922c9e1",
                "sha256:3f16f08e02b2a2da44259c7cc712e779eff1dd8b55fdb0323e8cab09548086c0",
                "sha256:71dfb9555ccccdd77305fc3dcca5897fbf0cf28b297c51ee55e079c065d812a3",
                "sha256:7b34a52e9da36dda8c151c6394aed602e4b17fa041df0b9f5b93ae10b0fcca2a",
                "sha256:7e5f7aa4486651a6ebfa8ed4b594b65bd2d2f41beeb4241a3e4b1b85acbbbadb",
                "sha256:dcf000c36dd1651118a2462257e3a9e76db789a78432e1f303c7bac54f63ef6c",
                "sha256:e4088cab82b66a3b37ffc452976b14a3c599269c247895ae9ceb4066d8188a57"
            ],
            "markers": "python_version >= '3.6'",
            "version": "==4.9.0.80"
        },
        "pillow": {
            "hashes": [
                "sha256:0304004f8067386b477d20a518b50f3fa658a28d44e4116970abfcd94fac34a8",
                "sha256:0689b5a8c5288bc0504d9fcee48f61a6a586b9b98514d7d29b840143d6734f39",
                "sha256:0eae2073305f451d8ecacb5474997c08569fb4eb4ac231ffa4ad7d342fdc25ac",
                "sha256:0fb3e7fc88a14eacd303e90481ad983fd5b69c761e9e6ef94c983f91025da869",
                "sha256:11fa2e5984b949b0dd6d7a94d967743d87c577ff0b83392f17cb3990d0d2fd6e",
                "sha256:127cee571038f252a552760076407f9cff79761c3d436a12af6000cd182a9d04",
                "sha256:154e939c5f0053a383de4fd3d3da48d9427a7e985f58af8e94d0b3c9fcfcf4f9",
                "sha256:15587643b9e5eb26c48e49a7b33659790d28f190fc514a322d55da2fb5c2950e",
                "sha256:170aeb00224ab3dc54230c797f8404507240dd868cf52066f66a41b33169bdbe",
                "sha256:1b5e1b74d1bd1b78bc3477528919414874748dd363e6272efd5abf7654e68bef",
                "sha256:1da3b2703afd040cf65ec97efea81cfba59cdbed9c11d8efc5ab09df9509fc56",
                "sha256:1e23412b5c41e58cec602f1135c57dfcf15482013ce6e5f093a86db69646a5aa",
                "sha256:2247178effb34a77c11c0e8ac355c7a741ceca0a732b27bf11e747bbc950722f",
                "sha256:257d8788df5ca62c980314053197f4d46eefedf4e6175bc9412f14412ec4ea2f",
                "sha256:3031709084b6e7852d00479fd1d310b07d0ba82765f973b543c8af5061cf990e",
                "sha256:322209c642aabdd6207517e9739c704dc9f9db943015535783239022002f054a",
                "sha256:322bdf3c9b556e9ffb18f93462e5f749d3444ce081290352c6070d014c93feb2",
                "sha256:33870dc4653c5017bf4c8873e5488d8f8d5f8935e2f1fb9a2208c47cdd66efd2",
                "sha256:35bb52c37f256f662abdfa49d2dfa6ce5d93281d323a9af377a120e89a9eafb5",
                "sha256:3c31822339516fb3c82d03f30e22b1d038da87ef27b6a78c9549888f8ceda39a",
                "sha256:3eedd52442c0a5ff4f887fab0c1c0bb164d8635b32c894bc1faf4c618dd89df2",
                "sha256:3ff074fc97dd4e80543a3e91f69d58889baf2002b6be64347ea8cf5533188213",
                "sha256:47c0995fc4e7f79b5cfcab1fc437ff2890b770440f7696a3ba065ee0fd496563",
                "sha256:49d9ba1ed0ef3e061088cd1e7538a0759aab559e2e0a80a36f9fd9d8c0c21591",
                "sha256:51f1a1bffc50e2e9492e87d8e09a17c5eea8409cda8d3f277eb6edc82813c17c",
                "sha256:52a50aa3fb3acb9cf7213573ef55d31d6eca37f5709c69e6858fe3bc04a5c2a2",
                "sha256:54f1852cd531aa981bc0965b7d609f5f6cc8ce8c41b1139f6ed6b3c54ab82bfb",
                "sha256:609448742444d9290fd687940ac0b57fb35e6fd92bdb65386e08e99af60bf757",
                "sha256:69ffdd6120a4737710a9eee73e1d2e37db89b620f702754b8f6e62594471dee0",
                "sha256:6fad5ff2f13d69b7e74ce5b4ecd12cc0ec530fcee76356cac6742785ff71c452",
                "sha256:7049e301399273a0136ff39b84c3678e314f2158f50f517bc50285fb5ec847ad",
                "sha256:70c61d4c475835a19b3a5aa42492409878bbca7438554a1f89d20d58a7c75c01",
                "sha256:716d30ed977be8b37d3ef185fecb9e5a1d62d110dfbdcd1e2a122ab46fddb03f",
                "sha256:753cd8f2086b2b80180d9b3010dd4ed147efc167c90d3bf593fe2af21265e5a5",
                "sha256:773efe0603db30c281521a7c0214cad7836c03b8ccff897beae9b47c0b657d61",
                "sha256:7823bdd049099efa16e4246bdf15e5a13dbb18a51b68fa06d6c1d4d8b99a796e",
                "sha256:7c8f97e8e7a9009bcacbe3766a36175056c12f9a44e6e6f2d5caad06dcfbf03b",
                "sha256:823ef7a27cf86df6597fa0671066c1b596f69eba53efa3d1e1cb8b30f3533068",
                "sha256:8373c6c251f7ef8bda6675dd6d2b3a0fcc31edf1201266b5cf608b62a37407f9",
                "sha256:83b2021f2ade7d1ed556bc50a399127d7fb245e725aa0113ebd05cfe88aaf588",
                "sha256:870ea1ada0899fd0b79643990809323b389d4d1d46c192f97342eeb6ee0b8483",
                "sha256:8d12251f02d69d8310b046e82572ed486685c38f02176bd08baf216746eb947f",
                "sha256:9c23f307202661071d94b5e384e1e1dc7dfb972a28a2310e4ee16103e66ddb67",
                "sha256:9d189550615b4948f45252d7f005e53c2040cea1af5b60d6f79491a6e147eef7",
                "sha256:a086c2af425c5f62a65e12fbf385f7c9fcb8f107d0849dba5839461a129cf311",
                "sha256:a2b56ba36e05f973d450582fb015594aaa78834fefe8dfb8fcd79b93e64ba4c6",
                "sha256:aebb6044806f2e16ecc07b2a2637ee1ef67a11840a66752751714a0d924adf72",
                "sha256:b1b3020d90c2d8e1dae29cf3ce54f8094f7938460fb5ce8bc5c01450b01fbaf6",
                "sha256:b4b6b1e20608493548b1f32bce8cca185bf0480983890403d3b8753e44077129",
                "sha256:b6f491cdf80ae540738859d9766783e3b3c8e5bd37f5dfa0b76abdecc5081f13",
                "sha256:b792a349405fbc0163190fde0dc7b3fef3c9268292586cf5645598b48e63dc67",
                "sha256:b7c2286c23cd350b80d2fc9d424fc797575fb16f854b831d16fd47ceec078f2c",
                "sha256:babf5acfede515f176833ed6028754cbcd0d206f7f614ea3447d67c33be12516",
                "sha256:c365fd1703040de1ec284b176d6af5abe21b427cb3a5ff68e0759e1e313a5e7e",
                "sha256:c4225f5220f46b2fde568c74fca27ae9771536c2e29d7c04f4fb62c83275ac4e",
                "sha256:c570f24be1e468e3f0ce7ef56a89a60f0e05b30a3669a459e419c6eac2c35364",
                "sha256:c6dafac9e0f2b3c78df97e79af707cdc5ef8e88208d686a4847bab8266870023",
                "sha256:c8de2789052ed501dd829e9cae8d3dcce7acb4777ea4a479c14521c942d395b1",
                "sha256:cb28c753fd5eb3dd859b4ee95de66cc62af91bcff5db5f2571d32a520baf1f04",
                "sha256:cb4c38abeef13c61d6916f264d4845fab99d7b711be96c326b84df9e3e0ff62d",
                "sha256:d1b35bcd6c5543b9cb547dee3150c93008f8dd0f1fef78fc0cd2b141c5baf58a",
                "sha256:d8e6aeb9201e655354b3ad049cb77d19813ad4ece0df1249d3c793de3774f8c7",
                "sha256:d8ecd059fdaf60c1963c58ceb8997b32e9dc1b911f5da5307aab614f1ce5c2fb",
                "sha256:da2b52b37dad6d9ec64e653637a096905b258d2fc2b984c41ae7d08b938a67e4",
                "sha256:e87f0b2c78157e12d7686b27d63c070fd65d994e8ddae6f328e0dcf4a0cd007e",
                "sha256:edca80cbfb2b68d7b56930b84a0e45ae1694aeba0541f798e908a49d66b837f1",
                "sha256:f379abd2f1e3dddb2b61bc67977a6b5a0a3f7485538bcc6f39ec76163891ee48",
                "sha256:fe4c15f6c9285dc54ce6553a3ce908ed37c8f3825b5a51a15c91442bb955b868"
            ],
            "index": "pypi",
            "markers": "python_version >= '3.8'",
            "version": "==10.2.0"
        },
        "protobuf": {
            "hashes": [
                "sha256:10894a2885b7175d3984f2be8d9850712c57d5e7587a2410720af8be56cdaf62",
                "sha256:2db9f8fa64fbdcdc93767d3cf81e0f2aef176284071507e3ede160811502fd3d",
                "sha256:33a1aeef4b1927431d1be780e87b641e322b88d654203a9e9d93f218ee359e61",
                "sha256:47f3de503fe7c1245f6f03bea7e8d3ec11c6c4a2ea9ef910e3221c8a15516d62",
                "sha256:5e5c933b4c30a988b52e0b7c02641760a5ba046edc5e43d3b94a74c9fc57c1b3",
                "sha256:8f62574857ee1de9f770baf04dde4165e30b15ad97ba03ceac65f760ff018ac9",
                "sha256:a8b7a98d4ce823303145bf3c1a8bdb0f2f4642a414b196f04ad9853ed0c8f830",
                "sha256:b50c949608682b12efb0b2717f53256f03636af5f60ac0c1d900df6213910fd6",
                "sha256:d66a769b8d687df9024f2985d5137a337f957a0916cf5464d1513eee96a63ff0",
                "sha256:fc381d1dd0516343f1440019cedf08a7405f791cd49eef4ae1ea06520bc1c020",
                "sha256:fe599e175cb347efc8ee524bcd4b902d11f7262c0e569ececcb89995c15f0a5e"
            ],
            "index": "pypi",
            "markers": "python_version >= '3.8'",
            "version": "==4.25.2"
        },
        "pypng": {
            "hashes": [
                "sha256:4a43e969b8f5aaafb2a415536c1a8ec7e341cd6a3f957fd5b5f32a4cfeed902c",
                "sha256:739c433ba96f078315de54c0db975aee537cbc3e1d0ae4ed9aab0ca1e427e2c1"
            ],
            "version": "==0.20220715.0"
        },
        "pyzbar": {
            "hashes": [
                "sha256:13e3ee5a2f3a545204a285f41814d5c0db571967e8d4af8699a03afc55182a9c",
                "sha256:4559628b8192feb25766d954b36a3753baaf5c97c03135aec7e4a026036b475d",
                "sha256:8f4c5264c9c7c6b9f20d01efc52a4eba1ded47d9ba857a94130afe33703eb518"
            ],
            "index": "pypi",
            "version": "==0.1.9"
        },
        "qrcode": {
            "hashes": [
                "sha256:581dca7a029bcb2deef5d01068e39093e80ef00b4a61098a2182eac59d01643a",
                "sha256:9dd969454827e127dbd93696b20747239e6d540e082937c90f14ac95b30f5845"
            ],
            "index": "pypi",
            "markers": "python_version >= '3.7'",
            "version": "==7.4.2"
        },
        "qreader": {
            "hashes": [
                "sha256:f96d2879c9f47f9641da55dc3e1df765cd4d6f1cfbc8b7fa811b70c1e27d4fba"
            ],
            "index": "pypi",
            "version": "==1.3.2"
        },
        "typing-extensions": {
            "hashes": [
                "sha256:23478f88c37f27d76ac8aee6c905017a143b0b1b886c3c9f66bc2fd94f9f5783",
                "sha256:af72aea155e91adfc61c3ae9e0e342dbc0cba726d6cba4b6c72c1f34e47291cd"
            ],
            "markers": "python_version >= '3.8'",
            "version": "==4.9.0"
        }
    },
    "develop": {
        "astroid": {
            "hashes": [
                "sha256:4a61cf0a59097c7bb52689b0fd63717cd2a8a14dc9f1eee97b82d814881c8c91",
                "sha256:d6e62862355f60e716164082d6b4b041d38e2a8cf1c7cd953ded5108bac8ff5c"
            ],
            "markers": "python_full_version >= '3.8.0'",
            "version": "==3.0.2"
        },
        "build": {
            "hashes": [
                "sha256:538aab1b64f9828977f84bc63ae570b060a8ed1be419e7870b8b4fc5e6ea553b",
                "sha256:589bf99a67df7c9cf07ec0ac0e5e2ea5d4b37ac63301c4986d1acb126aa83f8f"
            ],
            "index": "pypi",
            "markers": "python_version >= '3.7'",
            "version": "==1.0.3"
        },
        "coverage": {
            "extras": [
                "toml"
            ],
            "hashes": [
                "sha256:04387a4a6ecb330c1878907ce0dc04078ea72a869263e53c72a1ba5bbdf380ca",
                "sha256:0676cd0ba581e514b7f726495ea75aba3eb20899d824636c6f59b0ed2f88c471",
                "sha256:0e8d06778e8fbffccfe96331a3946237f87b1e1d359d7fbe8b06b96c95a5407a",
                "sha256:0eb3c2f32dabe3a4aaf6441dde94f35687224dfd7eb2a7f47f3fd9428e421058",
                "sha256:109f5985182b6b81fe33323ab4707011875198c41964f014579cf82cebf2bb85",
                "sha256:13eaf476ec3e883fe3e5fe3707caeb88268a06284484a3daf8250259ef1ba143",
                "sha256:164fdcc3246c69a6526a59b744b62e303039a81e42cfbbdc171c91a8cc2f9446",
                "sha256:26776ff6c711d9d835557ee453082025d871e30b3fd6c27fcef14733f67f0590",
                "sha256:26f66da8695719ccf90e794ed567a1549bb2644a706b41e9f6eae6816b398c4a",
                "sha256:29f3abe810930311c0b5d1a7140f6395369c3db1be68345638c33eec07535105",
                "sha256:316543f71025a6565677d84bc4df2114e9b6a615aa39fb165d697dba06a54af9",
                "sha256:36b0ea8ab20d6a7564e89cb6135920bc9188fb5f1f7152e94e8300b7b189441a",
                "sha256:3cc9d4bc55de8003663ec94c2f215d12d42ceea128da8f0f4036235a119c88ac",
                "sha256:485e9f897cf4856a65a57c7f6ea3dc0d4e6c076c87311d4bc003f82cfe199d25",
                "sha256:5040148f4ec43644702e7b16ca864c5314ccb8ee0751ef617d49aa0e2d6bf4f2",
                "sha256:51456e6fa099a8d9d91497202d9563a320513fcf59f33991b0661a4a6f2ad450",
                "sha256:53d7d9158ee03956e0eadac38dfa1ec8068431ef8058fe6447043db1fb40d932",
                "sha256:5a10a4920def78bbfff4eff8a05c51be03e42f1c3735be42d851f199144897ba",
                "sha256:5b14b4f8760006bfdb6e08667af7bc2d8d9bfdb648351915315ea17645347137",
                "sha256:5b2ccb7548a0b65974860a78c9ffe1173cfb5877460e5a229238d985565574ae",
                "sha256:697d1317e5290a313ef0d369650cfee1a114abb6021fa239ca12b4849ebbd614",
                "sha256:6ae8c9d301207e6856865867d762a4b6fd379c714fcc0607a84b92ee63feff70",
                "sha256:707c0f58cb1712b8809ece32b68996ee1e609f71bd14615bd8f87a1293cb610e",
                "sha256:74775198b702868ec2d058cb92720a3c5a9177296f75bd97317c787daf711505",
                "sha256:756ded44f47f330666843b5781be126ab57bb57c22adbb07d83f6b519783b870",
                "sha256:76f03940f9973bfaee8cfba70ac991825611b9aac047e5c80d499a44079ec0bc",
                "sha256:79287fd95585ed36e83182794a57a46aeae0b64ca53929d1176db56aacc83451",
                "sha256:799c8f873794a08cdf216aa5d0531c6a3747793b70c53f70e98259720a6fe2d7",
                "sha256:7d360587e64d006402b7116623cebf9d48893329ef035278969fa3bbf75b697e",
                "sha256:80b5ee39b7f0131ebec7968baa9b2309eddb35b8403d1869e08f024efd883566",
                "sha256:815ac2d0f3398a14286dc2cea223a6f338109f9ecf39a71160cd1628786bc6f5",
                "sha256:83c2dda2666fe32332f8e87481eed056c8b4d163fe18ecc690b02802d36a4d26",
                "sha256:846f52f46e212affb5bcf131c952fb4075b55aae6b61adc9856222df89cbe3e2",
                "sha256:936d38794044b26c99d3dd004d8af0035ac535b92090f7f2bb5aa9c8e2f5cd42",
                "sha256:9864463c1c2f9cb3b5db2cf1ff475eed2f0b4285c2aaf4d357b69959941aa555",
                "sha256:995ea5c48c4ebfd898eacb098164b3cc826ba273b3049e4a889658548e321b43",
                "sha256:a1526d265743fb49363974b7aa8d5899ff64ee07df47dd8d3e37dcc0818f09ed",
                "sha256:a56de34db7b7ff77056a37aedded01b2b98b508227d2d0979d373a9b5d353daa",
                "sha256:a7c97726520f784239f6c62506bc70e48d01ae71e9da128259d61ca5e9788516",
                "sha256:b8e99f06160602bc64da35158bb76c73522a4010f0649be44a4e167ff8555952",
                "sha256:bb1de682da0b824411e00a0d4da5a784ec6496b6850fdf8c865c1d68c0e318dd",
                "sha256:bf477c355274a72435ceb140dc42de0dc1e1e0bf6e97195be30487d8eaaf1a09",
                "sha256:bf635a52fc1ea401baf88843ae8708591aa4adff875e5c23220de43b1ccf575c",
                "sha256:bfd5db349d15c08311702611f3dccbef4b4e2ec148fcc636cf8739519b4a5c0f",
                "sha256:c530833afc4707fe48524a44844493f36d8727f04dcce91fb978c414a8556cc6",
                "sha256:cc6d65b21c219ec2072c1293c505cf36e4e913a3f936d80028993dd73c7906b1",
                "sha256:cd3c1e4cb2ff0083758f09be0f77402e1bdf704adb7f89108007300a6da587d0",
                "sha256:cfd2a8b6b0d8e66e944d47cdec2f47c48fef2ba2f2dff5a9a75757f64172857e",
                "sha256:d0ca5c71a5a1765a0f8f88022c52b6b8be740e512980362f7fdbb03725a0d6b9",
                "sha256:e7defbb9737274023e2d7af02cac77043c86ce88a907c58f42b580a97d5bcca9",
                "sha256:e9d1bf53c4c8de58d22e0e956a79a5b37f754ed1ffdbf1a260d9dcfa2d8a325e",
                "sha256:ea81d8f9691bb53f4fb4db603203029643caffc82bf998ab5b59ca05560f4c06"
            ],
            "markers": "python_version >= '3.8'",
            "version": "==7.4.0"
        },
        "dill": {
            "hashes": [
                "sha256:76b122c08ef4ce2eedcd4d1abd8e641114bfc6c2867f49f3c41facf65bf19f5e",
                "sha256:cc1c8b182eb3013e24bd475ff2e9295af86c1a38eb1aff128dac8962a9ce3c03"
            ],
            "markers": "python_version >= '3.11'",
            "version": "==0.3.7"
        },
        "flake8": {
            "hashes": [
                "sha256:33f96621059e65eec474169085dc92bf26e7b2d47366b70be2f67ab80dc25132",
                "sha256:a6dfbb75e03252917f2473ea9653f7cd799c3064e54d4c8140044c5c065f53c3"
            ],
            "index": "pypi",
            "markers": "python_full_version >= '3.8.1'",
            "version": "==7.0.0"
        },
        "gfm-toc": {
            "hashes": [
                "sha256:247af7267a6cbbdd4213f8383157997bcb07e39e819db737bd2dbfbdb94ee7ae",
                "sha256:c53ed0e2cd400e89051377017ca98c11c9cef628b2effddf787db4fc19ff343d"
            ],
            "index": "pypi",
            "version": "==0.0.7"
        },
        "iniconfig": {
            "hashes": [
                "sha256:2d91e135bf72d31a410b17c16da610a82cb55f6b0477d1a902134b24a455b8b3",
                "sha256:b6a85871a79d2e3b22d2d1b94ac2824226a63c6b741c88f7ae975f18b6778374"
            ],
            "markers": "python_version >= '3.7'",
            "version": "==2.0.0"
        },
        "isort": {
            "hashes": [
                "sha256:48fdfcb9face5d58a4f6dde2e72a1fb8dcaf8ab26f95ab49fab84c2ddefb0109",
                "sha256:8ca5e72a8d85860d5a3fa69b8745237f2939afe12dbf656afbcb47fe72d947a6"
            ],
            "markers": "python_full_version >= '3.8.0'",
            "version": "==5.13.2"
        },
        "mccabe": {
            "hashes": [
                "sha256:348e0240c33b60bbdf4e523192ef919f28cb2c3d7d5c7794f74009290f236325",
                "sha256:6c2d30ab6be0e4a46919781807b4f0d834ebdd6c6e3dca0bda5a15f863427b6e"
            ],
            "markers": "python_version >= '3.6'",
            "version": "==0.7.0"
        },
        "mypy": {
            "hashes": [
                "sha256:028cf9f2cae89e202d7b6593cd98db6759379f17a319b5faf4f9978d7084cdc6",
                "sha256:2afecd6354bbfb6e0160f4e4ad9ba6e4e003b767dd80d85516e71f2e955ab50d",
                "sha256:2b5b6c721bd4aabaadead3a5e6fa85c11c6c795e0c81a7215776ef8afc66de02",
                "sha256:42419861b43e6962a649068a61f4a4839205a3ef525b858377a960b9e2de6e0d",
                "sha256:42c6680d256ab35637ef88891c6bd02514ccb7e1122133ac96055ff458f93fc3",
                "sha256:485a8942f671120f76afffff70f259e1cd0f0cfe08f81c05d8816d958d4577d3",
                "sha256:4c886c6cce2d070bd7df4ec4a05a13ee20c0aa60cb587e8d1265b6c03cf91da3",
                "sha256:4e6d97288757e1ddba10dd9549ac27982e3e74a49d8d0179fc14d4365c7add66",
                "sha256:4ef4be7baf08a203170f29e89d79064463b7fc7a0908b9d0d5114e8009c3a259",
                "sha256:51720c776d148bad2372ca21ca29256ed483aa9a4cdefefcef49006dff2a6835",
                "sha256:52825b01f5c4c1c4eb0db253ec09c7aa17e1a7304d247c48b6f3599ef40db8bd",
                "sha256:538fd81bb5e430cc1381a443971c0475582ff9f434c16cd46d2c66763ce85d9d",
                "sha256:5c1538c38584029352878a0466f03a8ee7547d7bd9f641f57a0f3017a7c905b8",
                "sha256:6ff8b244d7085a0b425b56d327b480c3b29cafbd2eff27316a004f9a7391ae07",
                "sha256:7178def594014aa6c35a8ff411cf37d682f428b3b5617ca79029d8ae72f5402b",
                "sha256:720a5ca70e136b675af3af63db533c1c8c9181314d207568bbe79051f122669e",
                "sha256:7f1478736fcebb90f97e40aff11a5f253af890c845ee0c850fe80aa060a267c6",
                "sha256:855fe27b80375e5c5878492f0729540db47b186509c98dae341254c8f45f42ae",
                "sha256:8963b83d53ee733a6e4196954502b33567ad07dfd74851f32be18eb932fb1cb9",
                "sha256:9261ed810972061388918c83c3f5cd46079d875026ba97380f3e3978a72f503d",
                "sha256:99b00bc72855812a60d253420d8a2eae839b0afa4938f09f4d2aa9bb4654263a",
                "sha256:ab3c84fa13c04aeeeabb2a7f67a25ef5d77ac9d6486ff33ded762ef353aa5592",
                "sha256:afe3fe972c645b4632c563d3f3eff1cdca2fa058f730df2b93a35e3b0c538218",
                "sha256:d19c413b3c07cbecf1f991e2221746b0d2a9410b59cb3f4fb9557f0365a1a817",
                "sha256:df9824ac11deaf007443e7ed2a4a26bebff98d2bc43c6da21b2b64185da011c4",
                "sha256:e46f44b54ebddbeedbd3d5b289a893219065ef805d95094d16a0af6630f5d410",
                "sha256:f5ac9a4eeb1ec0f1ccdc6f326bcdb464de5f80eb07fb38b5ddd7b0de6bc61e55"
            ],
            "index": "pypi",
            "markers": "python_version >= '3.8'",
            "version": "==1.8.0"
        },
        "mypy-extensions": {
            "hashes": [
                "sha256:4392f6c0eb8a5668a69e23d168ffa70f0be9ccfd32b5cc2d26a34ae5b844552d",
                "sha256:75dbf8955dc00442a438fc4d0666508a9a97b6bd41aa2f0ffe9d2f2725af0782"
            ],
            "markers": "python_version >= '3.5'",
            "version": "==1.0.0"
        },
        "mypy-protobuf": {
            "hashes": [
                "sha256:0d0548c6b9a6faf14ce1a9ce2831c403a5c1f2a9363e85b1e2c51d5d57aa8393",
                "sha256:21f270da0a9792a9dac76b0df463c027e561664ab6973c59be4e4d064dfe67dc"
            ],
            "index": "pypi",
            "markers": "python_version >= '3.8'",
            "version": "==3.5.0"
        },
        "nuitka": {
            "hashes": [
                "sha256:4db728e224043308112b40a8d0a2168e9ccd956e713238617b3e47779a740512"
            ],
            "index": "pypi",
            "version": "==1.9.7"
        },
        "ordered-set": {
            "hashes": [
                "sha256:046e1132c71fcf3330438a539928932caf51ddbc582496833e23de611de14562",
                "sha256:694a8e44c87657c59292ede72891eb91d34131f6531463aab3009191c77364a8"
            ],
            "markers": "python_version >= '3.7'",
            "version": "==4.1.0"
        },
        "packaging": {
            "hashes": [
                "sha256:048fb0e9405036518eaaf48a55953c750c11e1a1b68e0dd1a9d62ed0c092cfc5",
                "sha256:8c491190033a9af7e1d931d0b5dacc2ef47509b34dd0de67ed209b5203fc88c7"
            ],
            "markers": "python_version >= '3.7'",
            "version": "==23.2"
        },
        "platformdirs": {
            "hashes": [
                "sha256:11c8f37bcca40db96d8144522d925583bdb7a31f7b0e37e3ed4318400a8e2380",
                "sha256:906d548203468492d432bcb294d4bc2fff751bf84971fbb2c10918cc206ee420"
            ],
            "markers": "python_version >= '3.8'",
            "version": "==4.1.0"
        },
        "pluggy": {
            "hashes": [
                "sha256:cf61ae8f126ac6f7c451172cf30e3e43d3ca77615509771b3a984a0730651e12",
                "sha256:d89c696a773f8bd377d18e5ecda92b7a3793cbe66c87060a6fb58c7b6e1061f7"
            ],
            "markers": "python_version >= '3.8'",
            "version": "==1.3.0"
        },
        "protobuf": {
            "hashes": [
                "sha256:10894a2885b7175d3984f2be8d9850712c57d5e7587a2410720af8be56cdaf62",
                "sha256:2db9f8fa64fbdcdc93767d3cf81e0f2aef176284071507e3ede160811502fd3d",
                "sha256:33a1aeef4b1927431d1be780e87b641e322b88d654203a9e9d93f218ee359e61",
                "sha256:47f3de503fe7c1245f6f03bea7e8d3ec11c6c4a2ea9ef910e3221c8a15516d62",
                "sha256:5e5c933b4c30a988b52e0b7c02641760a5ba046edc5e43d3b94a74c9fc57c1b3",
                "sha256:8f62574857ee1de9f770baf04dde4165e30b15ad97ba03ceac65f760ff018ac9",
                "sha256:a8b7a98d4ce823303145bf3c1a8bdb0f2f4642a414b196f04ad9853ed0c8f830",
                "sha256:b50c949608682b12efb0b2717f53256f03636af5f60ac0c1d900df6213910fd6",
                "sha256:d66a769b8d687df9024f2985d5137a337f957a0916cf5464d1513eee96a63ff0",
                "sha256:fc381d1dd0516343f1440019cedf08a7405f791cd49eef4ae1ea06520bc1c020",
                "sha256:fe599e175cb347efc8ee524bcd4b902d11f7262c0e569ececcb89995c15f0a5e"
            ],
            "index": "pypi",
            "markers": "python_version >= '3.8'",
            "version": "==4.25.2"
        },
        "pycodestyle": {
            "hashes": [
                "sha256:41ba0e7afc9752dfb53ced5489e89f8186be00e599e712660695b7a75ff2663f",
                "sha256:44fe31000b2d866f2e41841b18528a505fbd7fef9017b04eff4e2648a0fadc67"
            ],
            "markers": "python_version >= '3.8'",
            "version": "==2.11.1"
        },
        "pyflakes": {
            "hashes": [
                "sha256:1c61603ff154621fb2a9172037d84dca3500def8c8b630657d1701f026f8af3f",
                "sha256:84b5be138a2dfbb40689ca07e2152deb896a65c3a3e24c251c5c62489568074a"
            ],
            "markers": "python_version >= '3.8'",
            "version": "==3.2.0"
        },
        "pylint": {
            "hashes": [
                "sha256:58c2398b0301e049609a8429789ec6edf3aabe9b6c5fec916acd18639c16de8b",
                "sha256:7a1585285aefc5165db81083c3e06363a27448f6b467b3b0f30dbd0ac1f73810"
            ],
            "index": "pypi",
            "markers": "python_full_version >= '3.8.0'",
            "version": "==3.0.3"
        },
        "pyproject-hooks": {
            "hashes": [
                "sha256:283c11acd6b928d2f6a7c73fa0d01cb2bdc5f07c57a2eeb6e83d5e56b97976f8",
                "sha256:f271b298b97f5955d53fb12b72c1fb1948c22c1a6b70b315c54cedaca0264ef5"
            ],
            "markers": "python_version >= '3.7'",
            "version": "==1.0.0"
        },
        "pytest": {
            "hashes": [
                "sha256:2cf0005922c6ace4a3e2ec8b4080eb0d9753fdc93107415332f50ce9e7994280",
                "sha256:b090cdf5ed60bf4c45261be03239c2c1c22df034fbffe691abe93cd80cea01d8"
            ],
            "index": "pypi",
            "markers": "python_version >= '3.7'",
            "version": "==7.4.4"
        },
        "pytest-cov": {
            "hashes": [
                "sha256:3904b13dfbfec47f003b8e77fd5b589cd11904a21ddf1ab38a64f204d6a10ef6",
                "sha256:6ba70b9e97e69fcc3fb45bfeab2d0a138fb65c4d0d6a41ef33983ad114be8c3a"
            ],
            "index": "pypi",
            "markers": "python_version >= '3.7'",
            "version": "==4.1.0"
        },
        "pytest-mock": {
            "hashes": [
                "sha256:0972719a7263072da3a21c7f4773069bcc7486027d7e8e1f81d98a47e701bc4f",
                "sha256:31a40f038c22cad32287bb43932054451ff5583ff094bca6f675df2f8bc1a6e9"
            ],
            "index": "pypi",
            "markers": "python_version >= '3.8'",
            "version": "==3.12.0"
        },
        "setuptools": {
            "hashes": [
                "sha256:385eb4edd9c9d5c17540511303e39a147ce2fc04bc55289c322b9e5904fe2c05",
                "sha256:be1af57fc409f93647f2e8e4573a142ed38724b8cdd389706a867bb4efcf1e78"
            ],
            "markers": "python_version >= '3.8'",
            "version": "==69.0.3"
        },
        "setuptools-git-versioning": {
            "hashes": [
                "sha256:0c7a5a3e138c85385c8296e248673652173535f33889010f9213497635300cf3",
                "sha256:af9ad1e8103b5abb5b128c2db4fef99407328ac9c12f65d3ff9550c4bb39ad1c"
            ],
            "index": "pypi",
            "markers": "python_version >= '3.7'",
            "version": "==1.13.5"
        },
        "tomlkit": {
            "hashes": [
                "sha256:75baf5012d06501f07bee5bf8e801b9f343e7aac5a92581f20f80ce632e6b5a4",
                "sha256:b0a645a9156dc7cb5d3a1f0d4bab66db287fcb8e0430bdd4664a095ea16414ba"
            ],
            "markers": "python_version >= '3.7'",
            "version": "==0.12.3"
        },
        "types-protobuf": {
            "hashes": [
                "sha256:024f034f3b5e2bb2bbff55ebc4d591ed0d2280d90faceedcb148b9e714a3f3ee",
                "sha256:0612ef3156bd80567460a15ac7c109b313f6022f1fee04b4d922ab2789baab79"
            ],
            "index": "pypi",
            "markers": "python_version >= '3.8'",
            "version": "==4.24.0.20240106"
        },
        "typing-extensions": {
            "hashes": [
                "sha256:23478f88c37f27d76ac8aee6c905017a143b0b1b886c3c9f66bc2fd94f9f5783",
                "sha256:af72aea155e91adfc61c3ae9e0e342dbc0cba726d6cba4b6c72c1f34e47291cd"
            ],
            "markers": "python_version >= '3.8'",
            "version": "==4.9.0"
        },
        "wheel": {
            "hashes": [
                "sha256:177f9c9b0d45c47873b619f5b650346d632cdc35fb5e4d25058e09c9e581433d",
                "sha256:c45be39f7882c9d34243236f2d63cbd58039e360f85d0913425fbd7ceea617a8"
            ],
            "index": "pypi",
            "markers": "python_version >= '3.7'",
            "version": "==0.42.0"
        },
        "zstandard": {
            "hashes": [
                "sha256:11f0d1aab9516a497137b41e3d3ed4bbf7b2ee2abc79e5c8b010ad286d7464bd",
                "sha256:1958100b8a1cc3f27fa21071a55cb2ed32e9e5df4c3c6e661c193437f171cba2",
                "sha256:1a90ba9a4c9c884bb876a14be2b1d216609385efb180393df40e5172e7ecf356",
                "sha256:1d43501f5f31e22baf822720d82b5547f8a08f5386a883b32584a185675c8fbf",
                "sha256:23d2b3c2b8e7e5a6cb7922f7c27d73a9a615f0a5ab5d0e03dd533c477de23004",
                "sha256:2612e9bb4977381184bb2463150336d0f7e014d6bb5d4a370f9a372d21916f69",
                "sha256:275df437ab03f8c033b8a2c181e51716c32d831082d93ce48002a5227ec93019",
                "sha256:2ac9957bc6d2403c4772c890916bf181b2653640da98f32e04b96e4d6fb3252a",
                "sha256:2b11ea433db22e720758cba584c9d661077121fcf60ab43351950ded20283440",
                "sha256:2fdd53b806786bd6112d97c1f1e7841e5e4daa06810ab4b284026a1a0e484c0b",
                "sha256:33591d59f4956c9812f8063eff2e2c0065bc02050837f152574069f5f9f17775",
                "sha256:36a47636c3de227cd765e25a21dc5dace00539b82ddd99ee36abae38178eff9e",
                "sha256:39b2853efc9403927f9065cc48c9980649462acbdf81cd4f0cb773af2fd734bc",
                "sha256:3db41c5e49ef73641d5111554e1d1d3af106410a6c1fb52cf68912ba7a343a0d",
                "sha256:445b47bc32de69d990ad0f34da0e20f535914623d1e506e74d6bc5c9dc40bb09",
                "sha256:466e6ad8caefb589ed281c076deb6f0cd330e8bc13c5035854ffb9c2014b118c",
                "sha256:48f260e4c7294ef275744210a4010f116048e0c95857befb7462e033f09442fe",
                "sha256:4ac59d5d6910b220141c1737b79d4a5aa9e57466e7469a012ed42ce2d3995e88",
                "sha256:53866a9d8ab363271c9e80c7c2e9441814961d47f88c9bc3b248142c32141d94",
                "sha256:589402548251056878d2e7c8859286eb91bd841af117dbe4ab000e6450987e08",
                "sha256:68953dc84b244b053c0d5f137a21ae8287ecf51b20872eccf8eaac0302d3e3b0",
                "sha256:6c25b8eb733d4e741246151d895dd0308137532737f337411160ff69ca24f93a",
                "sha256:7034d381789f45576ec3f1fa0e15d741828146439228dc3f7c59856c5bcd3292",
                "sha256:73a1d6bd01961e9fd447162e137ed949c01bdb830dfca487c4a14e9742dccc93",
                "sha256:8226a33c542bcb54cd6bd0a366067b610b41713b64c9abec1bc4533d69f51e70",
                "sha256:888196c9c8893a1e8ff5e89b8f894e7f4f0e64a5af4d8f3c410f0319128bb2f8",
                "sha256:88c5b4b47a8a138338a07fc94e2ba3b1535f69247670abfe422de4e0b344aae2",
                "sha256:8a1b2effa96a5f019e72874969394edd393e2fbd6414a8208fea363a22803b45",
                "sha256:93e1856c8313bc688d5df069e106a4bc962eef3d13372020cc6e3ebf5e045202",
                "sha256:9501f36fac6b875c124243a379267d879262480bf85b1dbda61f5ad4d01b75a3",
                "sha256:959665072bd60f45c5b6b5d711f15bdefc9849dd5da9fb6c873e35f5d34d8cfb",
                "sha256:a1d67d0d53d2a138f9e29d8acdabe11310c185e36f0a848efa104d4e40b808e4",
                "sha256:a493d470183ee620a3df1e6e55b3e4de8143c0ba1b16f3ded83208ea8ddfd91d",
                "sha256:a7ccf5825fd71d4542c8ab28d4d482aace885f5ebe4b40faaa290eed8e095a4c",
                "sha256:a88b7df61a292603e7cd662d92565d915796b094ffb3d206579aaebac6b85d5f",
                "sha256:a97079b955b00b732c6f280d5023e0eefe359045e8b83b08cf0333af9ec78f26",
                "sha256:d22fdef58976457c65e2796e6730a3ea4a254f3ba83777ecfc8592ff8d77d303",
                "sha256:d75f693bb4e92c335e0645e8845e553cd09dc91616412d1d4650da835b5449df",
                "sha256:d8593f8464fb64d58e8cb0b905b272d40184eac9a18d83cf8c10749c3eafcd7e",
                "sha256:d8fff0f0c1d8bc5d866762ae95bd99d53282337af1be9dc0d88506b340e74b73",
                "sha256:de20a212ef3d00d609d0b22eb7cc798d5a69035e81839f549b538eff4105d01c",
                "sha256:e9e9d4e2e336c529d4c435baad846a181e39a982f823f7e4495ec0b0ec8538d2",
                "sha256:f058a77ef0ece4e210bb0450e68408d4223f728b109764676e1a13537d056bb0",
                "sha256:f1a4b358947a65b94e2501ce3e078bbc929b039ede4679ddb0460829b12f7375",
                "sha256:f9b2cde1cd1b2a10246dbc143ba49d942d14fb3d2b4bccf4618d475c65464912",
                "sha256:fe3390c538f12437b859d815040763abc728955a52ca6ff9c5d4ac707c4ad98e"
            ],
            "markers": "python_version >= '3.8'",
            "version": "==0.22.0"
        }
    }
}
